
Microsoft Visual Studio Solution File, Format Version 12.00
# Visual Studio Version 17
VisualStudioVersion = 17.0.31903.59
MinimumVisualStudioVersion = 10.0.40219.1
Project("{FAE04EC0-301F-11D3-BF4B-00C04F79EFBC}") = "McpDemoClient", "McpDemoClient\McpDemoClient.csproj", "{0BA9BDC3-EA67-4455-901D-0245E1631619}"
EndProject
Project("{2150E333-8FDC-42A3-9474-1A3956D46DE8}") = "McpDemoServer", "McpDemoServer", "{6076F83E-320B-5DE3-6C75-2C60C6ED14F0}"
EndProject
Project("{FAE04EC0-301F-11D3-BF4B-00C04F79EFBC}") = "MpcDemoServer", "McpDemoServer\MpcDemoServer.csproj", "{6B2672A0-C3EB-4D65-9D17-0C59AD9FB67E}"
EndProject
Global
	GlobalSection(SolutionConfigurationPlatforms) = preSolution
		Debug|Any CPU = Debug|Any CPU
		Debug|x64 = Debug|x64
		Debug|x86 = Debug|x86
		Release|Any CPU = Release|Any CPU
		Release|x64 = Release|x64
		Release|x86 = Release|x86
	EndGlobalSection
	GlobalSection(ProjectConfigurationPlatforms) = postSolution
		{0BA9BDC3-EA67-4455-901D-0245E1631619}.Debug|Any CPU.ActiveCfg = Debug|Any CPU
		{0BA9BDC3-EA67-4455-901D-0245E1631619}.Debug|Any CPU.Build.0 = Debug|Any CPU
		{0BA9BDC3-EA67-4455-901D-0245E1631619}.Debug|x64.ActiveCfg = Debug|Any CPU
		{0BA9BDC3-EA67-4455-901D-0245E1631619}.Debug|x64.Build.0 = Debug|Any CPU
		{0BA9BDC3-EA67-4455-901D-0245E1631619}.Debug|x86.ActiveCfg = Debug|Any CPU
		{0BA9BDC3-EA67-4455-901D-0245E1631619}.Debug|x86.Build.0 = Debug|Any CPU
		{0BA9BDC3-EA67-4455-901D-0245E1631619}.Release|Any CPU.ActiveCfg = Release|Any CPU
		{0BA9BDC3-EA67-4455-901D-0245E1631619}.Release|Any CPU.Build.0 = Release|Any CPU
		{0BA9BDC3-EA67-4455-901D-0245E1631619}.Release|x64.ActiveCfg = Release|Any CPU
		{0BA9BDC3-EA67-4455-901D-0245E1631619}.Release|x64.Build.0 = Release|Any CPU
		{0BA9BDC3-EA67-4455-901D-0245E1631619}.Release|x86.ActiveCfg = Release|Any CPU
		{0BA9BDC3-EA67-4455-901D-0245E1631619}.Release|x86.Build.0 = Release|Any CPU
		{6B2672A0-C3EB-4D65-9D17-0C59AD9FB67E}.Debug|Any CPU.ActiveCfg = Debug|Any CPU
		{6B2672A0-C3EB-4D65-9D17-0C59AD9FB67E}.Debug|Any CPU.Build.0 = Debug|Any CPU
		{6B2672A0-C3EB-4D65-9D17-0C59AD9FB67E}.Debug|x64.ActiveCfg = Debug|Any CPU
		{6B2672A0-C3EB-4D65-9D17-0C59AD9FB67E}.Debug|x64.Build.0 = Debug|Any CPU
		{6B2672A0-C3EB-4D65-9D17-0C59AD9FB67E}.Debug|x86.ActiveCfg = Debug|Any CPU
		{6B2672A0-C3EB-4D65-9D17-0C59AD9FB67E}.Debug|x86.Build.0 = Debug|Any CPU
		{6B2672A0-C3EB-4D65-9D17-0C59AD9FB67E}.Release|Any CPU.ActiveCfg = Release|Any CPU
		{6B2672A0-C3EB-4D65-9D17-0C59AD9FB67E}.Release|Any CPU.Build.0 = Release|Any CPU
		{6B2672A0-C3EB-4D65-9D17-0C59AD9FB67E}.Release|x64.ActiveCfg = Release|Any CPU
		{6B2672A0-C3EB-4D65-9D17-0C59AD9FB67E}.Release|x64.Build.0 = Release|Any CPU
		{6B2672A0-C3EB-4D65-9D17-0C59AD9FB67E}.Release|x86.ActiveCfg = Release|Any CPU
		{6B2672A0-C3EB-4D65-9D17-0C59AD9FB67E}.Release|x86.Build.0 = Release|Any CPU
	EndGlobalSection
	GlobalSection(SolutionProperties) = preSolution
		HideSolutionNode = FALSE
	EndGlobalSection
	GlobalSection(NestedProjects) = preSolution
		{6B2672A0-C3EB-4D65-9D17-0C59AD9FB67E} = {6076F83E-320B-5DE3-6C75-2C60C6ED14F0}
	EndGlobalSection
EndGlobal
